
Microsoft Visual Studio Solution File, Format Version 12.00
# Visual Studio Version 16
VisualStudioVersion = 16.0.30907.101
MinimumVisualStudioVersion = 10.0.40219.1
Project("{9A19103F-16F7-4668-BE54-9A1E7A4F7556}") = "FilmsCatalog", "FilmsCatalog\FilmsCatalog.csproj", "{C8BF7B24-3B84-4DB5-B3C4-1F760E052E80}"
EndProject
Project("{FAE04EC0-301F-11D3-BF4B-00C04F79EFBC}") = "FilmsCatalogData", "FilmsCatalogData\FilmsCatalogData.csproj", "{383D9BA2-4EF8-4697-A055-AC5D887C917B}"
EndProject
Global
	GlobalSection(SolutionConfigurationPlatforms) = preSolution
		Debug|Any CPU = Debug|Any CPU
		Release|Any CPU = Release|Any CPU
	EndGlobalSection
	GlobalSection(ProjectConfigurationPlatforms) = postSolution
		{C8BF7B24-3B84-4DB5-B3C4-1F760E052E80}.Debug|Any CPU.ActiveCfg = Debug|Any CPU
		{C8BF7B24-3B84-4DB5-B3C4-1F760E052E80}.Debug|Any CPU.Build.0 = Debug|Any CPU
		{C8BF7B24-3B84-4DB5-B3C4-1F760E052E80}.Release|Any CPU.ActiveCfg = Release|Any CPU
		{C8BF7B24-3B84-4DB5-B3C4-1F760E052E80}.Release|Any CPU.Build.0 = Release|Any CPU
		{383D9BA2-4EF8-4697-A055-AC5D887C917B}.Debug|Any CPU.ActiveCfg = Debug|Any CPU
		{383D9BA2-4EF8-4697-A055-AC5D887C917B}.Debug|Any CPU.Build.0 = Debug|Any CPU
		{383D9BA2-4EF8-4697-A055-AC5D887C917B}.Release|Any CPU.ActiveCfg = Release|Any CPU
		{383D9BA2-4EF8-4697-A055-AC5D887C917B}.Release|Any CPU.Build.0 = Release|Any CPU
	EndGlobalSection
	GlobalSection(SolutionProperties) = preSolution
		HideSolutionNode = FALSE
	EndGlobalSection
	GlobalSection(ExtensibilityGlobals) = postSolution
		SolutionGuid = {D7B3B9C5-C21B-4483-9926-5E014F5210C2}
	EndGlobalSection
EndGlobal
